
Microsoft Visual Studio Solution File, Format Version 12.00
# Visual Studio Version 18
VisualStudioVersion = 18.6.11723.189
MinimumVisualStudioVersion = 17.8.0.0
Project("{9A19103F-16F7-4668-BE54-9A1E7A4F7556}") = "LoaTracker.AppHost", "src\LoaTracker.AppHost\LoaTracker.AppHost.csproj", "{65630202-F731-4B5D-BC5A-6C18A13915CA}"
EndProject
Project("{9A19103F-16F7-4668-BE54-9A1E7A4F7556}") = "LoaTracker.ServiceDefaults", "src\LoaTracker.ServiceDefaults\LoaTracker.ServiceDefaults.csproj", "{16ECC59B-02E2-4277-AFF4-0955AA5BD36C}"
EndProject
Project("{9A19103F-16F7-4668-BE54-9A1E7A4F7556}") = "LoaTracker.ApiService", "src\LoaTracker.ApiService\LoaTracker.ApiService.csproj", "{A1C04B21-011B-4578-9BCF-CDE3DA9B1513}"
EndProject
Project("{9A19103F-16F7-4668-BE54-9A1E7A4F7556}") = "LoaTracker.Tests", "tests\LoaTracker.Tests\LoaTracker.Tests.csproj", "{72848B74-9BBE-41A6-AF4A-57C485480167}"
EndProject
Project("{2150E333-8FDC-42A3-9474-1A3956D46DE8}") = "LoaTracker.Functions", "src\LoaTracker.Functions", "{6D89004E-A7AF-3472-AEC7-9FB598CF9F5A}"
EndProject
Project("{FAE04EC0-301F-11D3-BF4B-00C04F79EFBC}") = "LoaTracker_Functions", "src\LoaTracker.Functions\LoaTracker_Functions.csproj", "{06FA675C-8376-4E64-B182-6BC6A68BBFD6}"
EndProject
Project("{FAE04EC0-301F-11D3-BF4B-00C04F79EFBC}") = "LoaTracker.ApiService.Tests", "tests\LoaTracker.ApiService.Tests\LoaTracker.ApiService.Tests.csproj", "{CADB0966-993C-4CAF-804E-EF2A0343221D}"
EndProject
Global
	GlobalSection(SolutionConfigurationPlatforms) = preSolution
		Debug|Any CPU = Debug|Any CPU
		Debug|x64 = Debug|x64
		Debug|x86 = Debug|x86
		Release|Any CPU = Release|Any CPU
		Release|x64 = Release|x64
		Release|x86 = Release|x86
	EndGlobalSection
	GlobalSection(ProjectConfigurationPlatforms) = postSolution
		{65630202-F731-4B5D-BC5A-6C18A13915CA}.Debug|Any CPU.ActiveCfg = Debug|Any CPU
		{65630202-F731-4B5D-BC5A-6C18A13915CA}.Debug|Any CPU.Build.0 = Debug|Any CPU
		{65630202-F731-4B5D-BC5A-6C18A13915CA}.Debug|x64.ActiveCfg = Debug|Any CPU
		{65630202-F731-4B5D-BC5A-6C18A13915CA}.Debug|x64.Build.0 = Debug|Any CPU
		{65630202-F731-4B5D-BC5A-6C18A13915CA}.Debug|x86.ActiveCfg = Debug|Any CPU
		{65630202-F731-4B5D-BC5A-6C18A13915CA}.Debug|x86.Build.0 = Debug|Any CPU
		{65630202-F731-4B5D-BC5A-6C18A13915CA}.Release|Any CPU.ActiveCfg = Release|Any CPU
		{65630202-F731-4B5D-BC5A-6C18A13915CA}.Release|Any CPU.Build.0 = Release|Any CPU
		{65630202-F731-4B5D-BC5A-6C18A13915CA}.Release|x64.ActiveCfg = Release|Any CPU
		{65630202-F731-4B5D-BC5A-6C18A13915CA}.Release|x64.Build.0 = Release|Any CPU
		{65630202-F731-4B5D-BC5A-6C18A13915CA}.Release|x86.ActiveCfg = Release|Any CPU
		{65630202-F731-4B5D-BC5A-6C18A13915CA}.Release|x86.Build.0 = Release|Any CPU
		{16ECC59B-02E2-4277-AFF4-0955AA5BD36C}.Debug|Any CPU.ActiveCfg = Debug|Any CPU
		{16ECC59B-02E2-4277-AFF4-0955AA5BD36C}.Debug|Any CPU.Build.0 = Debug|Any CPU
		{16ECC59B-02E2-4277-AFF4-0955AA5BD36C}.Debug|x64.ActiveCfg = Debug|Any CPU
		{16ECC59B-02E2-4277-AFF4-0955AA5BD36C}.Debug|x64.Build.0 = Debug|Any CPU
		{16ECC59B-02E2-4277-AFF4-0955AA5BD36C}.Debug|x86.ActiveCfg = Debug|Any CPU
		{16ECC59B-02E2-4277-AFF4-0955AA5BD36C}.Debug|x86.Build.0 = Debug|Any CPU
		{16ECC59B-02E2-4277-AFF4-0955AA5BD36C}.Release|Any CPU.ActiveCfg = Release|Any CPU
		{16ECC59B-02E2-4277-AFF4-0955AA5BD36C}.Release|Any CPU.Build.0 = Release|Any CPU
		{16ECC59B-02E2-4277-AFF4-0955AA5BD36C}.Release|x64.ActiveCfg = Release|Any CPU
		{16ECC59B-02E2-4277-AFF4-0955AA5BD36C}.Release|x64.Build.0 = Release|Any CPU
		{16ECC59B-02E2-4277-AFF4-0955AA5BD36C}.Release|x86.ActiveCfg = Release|Any CPU
		{16ECC59B-02E2-4277-AFF4-0955AA5BD36C}.Release|x86.Build.0 = Release|Any CPU
		{A1C04B21-011B-4578-9BCF-CDE3DA9B1513}.Debug|Any CPU.ActiveCfg = Debug|Any CPU
		{A1C04B21-011B-4578-9BCF-CDE3DA9B1513}.Debug|Any CPU.Build.0 = Debug|Any CPU
		{A1C04B21-011B-4578-9BCF-CDE3DA9B1513}.Debug|x64.ActiveCfg = Debug|Any CPU
		{A1C04B21-011B-4578-9BCF-CDE3DA9B1513}.Debug|x64.Build.0 = Debug|Any CPU
		{A1C04B21-011B-4578-9BCF-CDE3DA9B1513}.Debug|x86.ActiveCfg = Debug|Any CPU
		{A1C04B21-011B-4578-9BCF-CDE3DA9B1513}.Debug|x86.Build.0 = Debug|Any CPU
		{A1C04B21-011B-4578-9BCF-CDE3DA9B1513}.Release|Any CPU.ActiveCfg = Release|Any CPU
		{A1C04B21-011B-4578-9BCF-CDE3DA9B1513}.Release|Any CPU.Build.0 = Release|Any CPU
		{A1C04B21-011B-4578-9BCF-CDE3DA9B1513}.Release|x64.ActiveCfg = Release|Any CPU
		{A1C04B21-011B-4578-9BCF-CDE3DA9B1513}.Release|x64.Build.0 = Release|Any CPU
		{A1C04B21-011B-4578-9BCF-CDE3DA9B1513}.Release|x86.ActiveCfg = Release|Any CPU
		{A1C04B21-011B-4578-9BCF-CDE3DA9B1513}.Release|x86.Build.0 = Release|Any CPU
		{72848B74-9BBE-41A6-AF4A-57C485480167}.Debug|Any CPU.ActiveCfg = Debug|Any CPU
		{72848B74-9BBE-41A6-AF4A-57C485480167}.Debug|Any CPU.Build.0 = Debug|Any CPU
		{72848B74-9BBE-41A6-AF4A-57C485480167}.Debug|x64.ActiveCfg = Debug|Any CPU
		{72848B74-9BBE-41A6-AF4A-57C485480167}.Debug|x64.Build.0 = Debug|Any CPU
		{72848B74-9BBE-41A6-AF4A-57C485480167}.Debug|x86.ActiveCfg = Debug|Any CPU
		{72848B74-9BBE-41A6-AF4A-57C485480167}.Debug|x86.Build.0 = Debug|Any CPU
		{72848B74-9BBE-41A6-AF4A-57C485480167}.Release|Any CPU.ActiveCfg = Release|Any CPU
		{72848B74-9BBE-41A6-AF4A-57C485480167}.Release|Any CPU.Build.0 = Release|Any CPU
		{72848B74-9BBE-41A6-AF4A-57C485480167}.Release|x64.ActiveCfg = Release|Any CPU
		{72848B74-9BBE-41A6-AF4A-57C485480167}.Release|x64.Build.0 = Release|Any CPU
		{72848B74-9BBE-41A6-AF4A-57C485480167}.Release|x86.ActiveCfg = Release|Any CPU
		{72848B74-9BBE-41A6-AF4A-57C485480167}.Release|x86.Build.0 = Release|Any CPU
		{06FA675C-8376-4E64-B182-6BC6A68BBFD6}.Debug|Any CPU.ActiveCfg = Debug|Any CPU
		{06FA675C-8376-4E64-B182-6BC6A68BBFD6}.Debug|Any CPU.Build.0 = Debug|Any CPU
		{06FA675C-8376-4E64-B182-6BC6A68BBFD6}.Debug|x64.ActiveCfg = Debug|Any CPU
		{06FA675C-8376-4E64-B182-6BC6A68BBFD6}.Debug|x64.Build.0 = Debug|Any CPU
		{06FA675C-8376-4E64-B182-6BC6A68BBFD6}.Debug|x86.ActiveCfg = Debug|Any CPU
		{06FA675C-8376-4E64-B182-6BC6A68BBFD6}.Debug|x86.Build.0 = Debug|Any CPU
		{06FA675C-8376-4E64-B182-6BC6A68BBFD6}.Release|Any CPU.ActiveCfg = Release|Any CPU
		{06FA675C-8376-4E64-B182-6BC6A68BBFD6}.Release|Any CPU.Build.0 = Release|Any CPU
		{06FA675C-8376-4E64-B182-6BC6A68BBFD6}.Release|x64.ActiveCfg = Release|Any CPU
		{06FA675C-8376-4E64-B182-6BC6A68BBFD6}.Release|x64.Build.0 = Release|Any CPU
		{06FA675C-8376-4E64-B182-6BC6A68BBFD6}.Release|x86.ActiveCfg = Release|Any CPU
		{06FA675C-8376-4E64-B182-6BC6A68BBFD6}.Release|x86.Build.0 = Release|Any CPU
		{CADB0966-993C-4CAF-804E-EF2A0343221D}.Debug|Any CPU.ActiveCfg = Debug|Any CPU
		{CADB0966-993C-4CAF-804E-EF2A0343221D}.Debug|Any CPU.Build.0 = Debug|Any CPU
		{CADB0966-993C-4CAF-804E-EF2A0343221D}.Debug|x64.ActiveCfg = Debug|Any CPU
		{CADB0966-993C-4CAF-804E-EF2A0343221D}.Debug|x64.Build.0 = Debug|Any CPU
		{CADB0966-993C-4CAF-804E-EF2A0343221D}.Debug|x86.ActiveCfg = Debug|Any CPU
		{CADB0966-993C-4CAF-804E-EF2A0343221D}.Debug|x86.Build.0 = Debug|Any CPU
		{CADB0966-993C-4CAF-804E-EF2A0343221D}.Release|Any CPU.ActiveCfg = Release|Any CPU
		{CADB0966-993C-4CAF-804E-EF2A0343221D}.Release|Any CPU.Build.0 = Release|Any CPU
		{CADB0966-993C-4CAF-804E-EF2A0343221D}.Release|x64.ActiveCfg = Release|Any CPU
		{CADB0966-993C-4CAF-804E-EF2A0343221D}.Release|x64.Build.0 = Release|Any CPU
		{CADB0966-993C-4CAF-804E-EF2A0343221D}.Release|x86.ActiveCfg = Release|Any CPU
		{CADB0966-993C-4CAF-804E-EF2A0343221D}.Release|x86.Build.0 = Release|Any CPU
	EndGlobalSection
	GlobalSection(SolutionProperties) = preSolution
		HideSolutionNode = FALSE
	EndGlobalSection
	GlobalSection(NestedProjects) = preSolution
		{06FA675C-8376-4E64-B182-6BC6A68BBFD6} = {6D89004E-A7AF-3472-AEC7-9FB598CF9F5A}
	EndGlobalSection
	GlobalSection(ExtensibilityGlobals) = postSolution
		SolutionGuid = {2686646B-492D-451B-8A38-C5FC8F6F154B}
	EndGlobalSection
EndGlobal
